
Microsoft Visual Studio Solution File, Format Version 12.00
# Visual Studio Version 17
VisualStudioVersion = 17.11.35222.181
MinimumVisualStudioVersion = 10.0.40219.1
Project("{FAE04EC0-301F-11D3-BF4B-00C04F79EFBC}") = "testaccess", "testaccess\testaccess.csproj", "{659B615B-4B6C-48C6-94FF-7FD860955ABB}"
EndProject
Project("{FAE04EC0-301F-11D3-BF4B-00C04F79EFBC}") = "ConsoleAcces", "ConsoleAcces\ConsoleAcces.csproj", "{5B405115-2878-4715-B20E-4F99A4274EC6}"
EndProject
Global
	GlobalSection(SolutionConfigurationPlatforms) = preSolution
		Debug|Any CPU = Debug|Any CPU
		Release|Any CPU = Release|Any CPU
	EndGlobalSection
	GlobalSection(ProjectConfigurationPlatforms) = postSolution
		{659B615B-4B6C-48C6-94FF-7FD860955ABB}.Debug|Any CPU.ActiveCfg = Debug|Any CPU
		{659B615B-4B6C-48C6-94FF-7FD860955ABB}.Debug|Any CPU.Build.0 = Debug|Any CPU
		{659B615B-4B6C-48C6-94FF-7FD860955ABB}.Release|Any CPU.ActiveCfg = Release|Any CPU
		{659B615B-4B6C-48C6-94FF-7FD860955ABB}.Release|Any CPU.Build.0 = Release|Any CPU
		{5B405115-2878-4715-B20E-4F99A4274EC6}.Debug|Any CPU.ActiveCfg = Debug|Any CPU
		{5B405115-2878-4715-B20E-4F99A4274EC6}.Debug|Any CPU.Build.0 = Debug|Any CPU
		{5B405115-2878-4715-B20E-4F99A4274EC6}.Release|Any CPU.ActiveCfg = Release|Any CPU
		{5B405115-2878-4715-B20E-4F99A4274EC6}.Release|Any CPU.Build.0 = Release|Any CPU
	EndGlobalSection
	GlobalSection(SolutionProperties) = preSolution
		HideSolutionNode = FALSE
	EndGlobalSection
	GlobalSection(ExtensibilityGlobals) = postSolution
		SolutionGuid = {FEFB9A1B-160F-431C-9E47-3A0640316E5E}
	EndGlobalSection
EndGlobal
